
Microsoft Visual Studio Solution File, Format Version 10.00
# Visual Studio 2008
Project("{8BC9CEB8-8B4A-11D0-8D11-00A0C91BC942}") = "ssleay", "ssleay\ssleay_vs2008.vcproj", "{8A9ED909-79E5-46B8-BAA9-ABE474D94484}"
EndProject
Project("{8BC9CEB8-8B4A-11D0-8D11-00A0C91BC942}") = "libeay", "libeay\libeay_vs2008.vcproj", "{545A9540-EBC7-454D-BBF2-4BF1B7C7BCCE}"
EndProject
Global
	GlobalSection(SolutionConfigurationPlatforms) = preSolution
		Debug|Win32 = Debug|Win32
		Release|Win32 = Release|Win32
	EndGlobalSection
	GlobalSection(ProjectConfigurationPlatforms) = postSolution
		{8A9ED909-79E5-46B8-BAA9-ABE474D94484}.Debug|Win32.ActiveCfg = Debug|Win32
		{8A9ED909-79E5-46B8-BAA9-ABE474D94484}.Debug|Win32.Build.0 = Debug|Win32
		{8A9ED909-79E5-46B8-BAA9-ABE474D94484}.Release|Win32.ActiveCfg = Release|Win32
		{8A9ED909-79E5-46B8-BAA9-ABE474D94484}.Release|Win32.Build.0 = Release|Win32
		{545A9540-EBC7-454D-BBF2-4BF1B7C7BCCE}.Debug|Win32.ActiveCfg = Debug|Win32
		{545A9540-EBC7-454D-BBF2-4BF1B7C7BCCE}.Debug|Win32.Build.0 = Debug|Win32
		{545A9540-EBC7-454D-BBF2-4BF1B7C7BCCE}.Release|Win32.ActiveCfg = Release|Win32
		{545A9540-EBC7-454D-BBF2-4BF1B7C7BCCE}.Release|Win32.Build.0 = Release|Win32
	EndGlobalSection
	GlobalSection(SolutionProperties) = preSolution
		HideSolutionNode = FALSE
	EndGlobalSection
EndGlobal
